
Microsoft Visual Studio Solution File, Format Version 12.00
Project("{FAE04EC0-301F-11D3-BF4B-00C04F79EFBC}") = "Bifrost", "Bifrost\Bifrost.csproj", "{C374444C-8AE8-41CF-B9A7-B2ACAD8FF75E}"
EndProject
Project("{FAE04EC0-301F-11D3-BF4B-00C04F79EFBC}") = "Bifrost.Tests", "Bifrost.Tests\Bifrost.Tests.csproj", "{52237EF4-41A8-4C60-9CC0-5C323E5DB87B}"
EndProject
Global
	GlobalSection(SolutionConfigurationPlatforms) = preSolution
		Debug|Any CPU = Debug|Any CPU
		Release|Any CPU = Release|Any CPU
	EndGlobalSection
	GlobalSection(ProjectConfigurationPlatforms) = postSolution
		{C374444C-8AE8-41CF-B9A7-B2ACAD8FF75E}.Debug|Any CPU.ActiveCfg = Debug|Any CPU
		{C374444C-8AE8-41CF-B9A7-B2ACAD8FF75E}.Debug|Any CPU.Build.0 = Debug|Any CPU
		{C374444C-8AE8-41CF-B9A7-B2ACAD8FF75E}.Release|Any CPU.ActiveCfg = Release|Any CPU
		{C374444C-8AE8-41CF-B9A7-B2ACAD8FF75E}.Release|Any CPU.Build.0 = Release|Any CPU
		{52237EF4-41A8-4C60-9CC0-5C323E5DB87B}.Debug|Any CPU.ActiveCfg = Debug|Any CPU
		{52237EF4-41A8-4C60-9CC0-5C323E5DB87B}.Debug|Any CPU.Build.0 = Debug|Any CPU
		{52237EF4-41A8-4C60-9CC0-5C323E5DB87B}.Release|Any CPU.ActiveCfg = Release|Any CPU
		{52237EF4-41A8-4C60-9CC0-5C323E5DB87B}.Release|Any CPU.Build.0 = Release|Any CPU
	EndGlobalSection
EndGlobal
